
Microsoft Visual Studio Solution File, Format Version 12.00
# Visual Studio Version 17
VisualStudioVersion = 17.9.34728.123
MinimumVisualStudioVersion = 10.0.40219.1
Project("{FAE04EC0-301F-11D3-BF4B-00C04F79EFBC}") = "LoginApp", "LoginApp\LoginApp.csproj", "{7B6CDFFD-5C1D-4CF6-9DAF-74A67DCF8717}"
EndProject
Global
	GlobalSection(SolutionConfigurationPlatforms) = preSolution
		Debug|Any CPU = Debug|Any CPU
		Release|Any CPU = Release|Any CPU
	EndGlobalSection
	GlobalSection(ProjectConfigurationPlatforms) = postSolution
		{7B6CDFFD-5C1D-4CF6-9DAF-74A67DCF8717}.Debug|Any CPU.ActiveCfg = Debug|Any CPU
		{7B6CDFFD-5C1D-4CF6-9DAF-74A67DCF8717}.Debug|Any CPU.Build.0 = Debug|Any CPU
		{7B6CDFFD-5C1D-4CF6-9DAF-74A67DCF8717}.Release|Any CPU.ActiveCfg = Release|Any CPU
		{7B6CDFFD-5C1D-4CF6-9DAF-74A67DCF8717}.Release|Any CPU.Build.0 = Release|Any CPU
	EndGlobalSection
	GlobalSection(SolutionProperties) = preSolution
		HideSolutionNode = FALSE
	EndGlobalSection
	GlobalSection(ExtensibilityGlobals) = postSolution
		SolutionGuid = {D9D870C8-6532-42F5-9438-94848D71BF45}
	EndGlobalSection
EndGlobal
